{
  "pins" : [
    {
      "identity" : "acarousel",
      "kind" : "remoteSourceControl",
      "location" : "https://github.com/JWAutumn/ACarousel.git",
      "state" : {
        "revision" : "8a322513580f21288fd87eb3a1341c247b3e2a76",
        "version" : "0.2.0"
      }
    },
    {
      "identity" : "alamofire",
      "kind" : "remoteSourceControl",
      "location" : "https://github.com/Alamofire/Alamofire",
      "state" : {
        "branch" : "master",
        "revision" : "bdecb2c87a21a236dcfe88b21532ad3f0e3d20f4"
      }
    },
    {
      "identity" : "sdwebimage",
      "kind" : "remoteSourceControl",
      "location" : "https://github.com/SDWebImage/SDWebImage.git",
      "state" : {
        "revision" : "b6aa428b7d01a36e7857b09b4acb320ad7ee5170",
        "version" : "5.14.0"
      }
    },
    {
      "identity" : "sdwebimageswiftui",
      "kind" : "remoteSourceControl",
      "location" : "https://github.com/SDWebImage/SDWebImageSwiftUI",
      "state" : {
        "branch" : "master",
        "revision" : "ed288667c909c89127ab1b690113a3e397af3098"
      }
    },
    {
      "identity" : "swiftyjson",
      "kind" : "remoteSourceControl",
      "location" : "https://github.com/SwiftyJSON/SwiftyJSON",
      "state" : {
        "branch" : "master",
        "revision" : "af1f7a2007d607fbe735c445f19080df4260fe8e"
      }
    }
  ],
  "version" : 2
}
